
Microsoft Visual Studio Solution File, Format Version 12.00
# Visual Studio Version 16
VisualStudioVersion = 16.0.30323.103
MinimumVisualStudioVersion = 10.0.40219.1
Project("{FAE04EC0-301F-11D3-BF4B-00C04F79EFBC}") = "SimpleLed", "SimpleLed\SimpleLed.csproj", "{EB4729F4-0BF6-41D3-9548-F8C7846A2025}"
EndProject
Global
	GlobalSection(SolutionConfigurationPlatforms) = preSolution
		Debug|Any CPU = Debug|Any CPU
		Release|Any CPU = Release|Any CPU
	EndGlobalSection
	GlobalSection(ProjectConfigurationPlatforms) = postSolution
		{EB4729F4-0BF6-41D3-9548-F8C7846A2025}.Debug|Any CPU.ActiveCfg = Debug|Any CPU
		{EB4729F4-0BF6-41D3-9548-F8C7846A2025}.Debug|Any CPU.Build.0 = Debug|Any CPU
		{EB4729F4-0BF6-41D3-9548-F8C7846A2025}.Release|Any CPU.ActiveCfg = Release|Any CPU
		{EB4729F4-0BF6-41D3-9548-F8C7846A2025}.Release|Any CPU.Build.0 = Release|Any CPU
	EndGlobalSection
	GlobalSection(SolutionProperties) = preSolution
		HideSolutionNode = FALSE
	EndGlobalSection
	GlobalSection(NestedProjects) = preSolution
		{EB4729F4-0BF6-41D3-9548-F8C7846A2025} = {DCEC326B-68BE-4BF5-9C62-0BFBE449E66E}
	EndGlobalSection
	GlobalSection(ExtensibilityGlobals) = postSolution
		SolutionGuid = {13AEE829-92AB-4F9F-84BA-36654FF44E5B}
	EndGlobalSection
EndGlobal
